
Microsoft Visual Studio Solution File, Format Version 12.00
# Visual Studio Version 17
VisualStudioVersion = 17.11.35208.52
MinimumVisualStudioVersion = 10.0.40219.1
Project("{FAE04EC0-301F-11D3-BF4B-00C04F79EFBC}") = "Proyecto_Taller2", "Proyecto_Taller2\Proyecto_Taller2.csproj", "{205FA178-AE22-4B29-8643-D77257A24165}"
EndProject
Global
	GlobalSection(SolutionConfigurationPlatforms) = preSolution
		Debug|Any CPU = Debug|Any CPU
		Release|Any CPU = Release|Any CPU
	EndGlobalSection
	GlobalSection(ProjectConfigurationPlatforms) = postSolution
		{205FA178-AE22-4B29-8643-D77257A24165}.Debug|Any CPU.ActiveCfg = Debug|Any CPU
		{205FA178-AE22-4B29-8643-D77257A24165}.Debug|Any CPU.Build.0 = Debug|Any CPU
		{205FA178-AE22-4B29-8643-D77257A24165}.Release|Any CPU.ActiveCfg = Release|Any CPU
		{205FA178-AE22-4B29-8643-D77257A24165}.Release|Any CPU.Build.0 = Release|Any CPU
	EndGlobalSection
	GlobalSection(SolutionProperties) = preSolution
		HideSolutionNode = FALSE
	EndGlobalSection
	GlobalSection(ExtensibilityGlobals) = postSolution
		SolutionGuid = {6B2A716B-975A-4472-BD96-0B1CBF90A624}
	EndGlobalSection
EndGlobal
